
Microsoft Visual Studio Solution File, Format Version 12.00
# Visual Studio Version 17
VisualStudioVersion = 17.6.33712.159
MinimumVisualStudioVersion = 10.0.40219.1
Project("{8BC9CEB8-8B4A-11D0-8D11-00A0C91BC942}") = "Remtoctrl", "Remtoctrl\Remtoctrl.vcxproj", "{26DF3DDB-E3C7-45CF-8B61-396B1D807190}"
EndProject
Project("{8BC9CEB8-8B4A-11D0-8D11-00A0C91BC942}") = "RemoteClinent", "RemoteClinent\RemoteClinent.vcxproj", "{64E2E580-8742-4F75-BB40-8A8B40D82076}"
EndProject
Global
	GlobalSection(SolutionConfigurationPlatforms) = preSolution
		Debug|x64 = Debug|x64
		Debug|x86 = Debug|x86
		Release|x64 = Release|x64
		Release|x86 = Release|x86
	EndGlobalSection
	GlobalSection(ProjectConfigurationPlatforms) = postSolution
		{26DF3DDB-E3C7-45CF-8B61-396B1D807190}.Debug|x64.ActiveCfg = Debug|x64
		{26DF3DDB-E3C7-45CF-8B61-396B1D807190}.Debug|x64.Build.0 = Debug|x64
		{26DF3DDB-E3C7-45CF-8B61-396B1D807190}.Debug|x86.ActiveCfg = Debug|Win32
		{26DF3DDB-E3C7-45CF-8B61-396B1D807190}.Debug|x86.Build.0 = Debug|Win32
		{26DF3DDB-E3C7-45CF-8B61-396B1D807190}.Release|x64.ActiveCfg = Release|x64
		{26DF3DDB-E3C7-45CF-8B61-396B1D807190}.Release|x64.Build.0 = Release|x64
		{26DF3DDB-E3C7-45CF-8B61-396B1D807190}.Release|x86.ActiveCfg = Release|Win32
		{26DF3DDB-E3C7-45CF-8B61-396B1D807190}.Release|x86.Build.0 = Release|Win32
		{64E2E580-8742-4F75-BB40-8A8B40D82076}.Debug|x64.ActiveCfg = Debug|x64
		{64E2E580-8742-4F75-BB40-8A8B40D82076}.Debug|x64.Build.0 = Debug|x64
		{64E2E580-8742-4F75-BB40-8A8B40D82076}.Debug|x86.ActiveCfg = Debug|Win32
		{64E2E580-8742-4F75-BB40-8A8B40D82076}.Debug|x86.Build.0 = Debug|Win32
		{64E2E580-8742-4F75-BB40-8A8B40D82076}.Release|x64.ActiveCfg = Release|x64
		{64E2E580-8742-4F75-BB40-8A8B40D82076}.Release|x64.Build.0 = Release|x64
		{64E2E580-8742-4F75-BB40-8A8B40D82076}.Release|x86.ActiveCfg = Release|Win32
		{64E2E580-8742-4F75-BB40-8A8B40D82076}.Release|x86.Build.0 = Release|Win32
	EndGlobalSection
	GlobalSection(SolutionProperties) = preSolution
		HideSolutionNode = FALSE
	EndGlobalSection
	GlobalSection(ExtensibilityGlobals) = postSolution
		SolutionGuid = {0E4CC121-85AD-4C5E-9FB5-889FB1028A99}
	EndGlobalSection
EndGlobal
